
Microsoft Visual Studio Solution File, Format Version 12.00
# Visual Studio 15
Project("{FAE04EC0-301F-11D3-BF4B-00C04F79EFBC}") = "EfCoreSqliteExample.Android", "EfCoreSqliteExample.Android\EfCoreSqliteExample.Android.csproj", "{DFE9612B-975D-463F-8819-F4A1B16574AA}"
EndProject
Project("{FAE04EC0-301F-11D3-BF4B-00C04F79EFBC}") = "EfCoreSqliteExample.iOS", "EfCoreSqliteExample.iOS\EfCoreSqliteExample.iOS.csproj", "{B5AE5904-0043-4814-B7E6-15C7A18CA136}"
EndProject
Project("{FAE04EC0-301F-11D3-BF4B-00C04F79EFBC}") = "EfCoreSqliteExample.Core", "EfCoreSqliteExample.Core\EfCoreSqliteExample.Core.csproj", "{AAD5785F-A160-4F1D-9830-FA0BEDD554E3}"
EndProject
Project("{FAE04EC0-301F-11D3-BF4B-00C04F79EFBC}") = "EfCoreSqliteExample.Ui", "EfCoreSqliteExample.Ui\EfCoreSqliteExample.Ui.csproj", "{09AEDE23-F9E4-49AE-8046-7F870A38C595}"
EndProject
Global
	GlobalSection(SolutionConfigurationPlatforms) = preSolution
		Debug|Any CPU = Debug|Any CPU
		Release|Any CPU = Release|Any CPU
		Debug|iPhoneSimulator = Debug|iPhoneSimulator
		Release|iPhoneSimulator = Release|iPhoneSimulator
		Debug|iPhone = Debug|iPhone
		Release|iPhone = Release|iPhone
	EndGlobalSection
	GlobalSection(ProjectConfigurationPlatforms) = postSolution
		{DFE9612B-975D-463F-8819-F4A1B16574AA}.Debug|Any CPU.ActiveCfg = Debug|Any CPU
		{DFE9612B-975D-463F-8819-F4A1B16574AA}.Debug|Any CPU.Build.0 = Debug|Any CPU
		{DFE9612B-975D-463F-8819-F4A1B16574AA}.Release|Any CPU.ActiveCfg = Release|Any CPU
		{DFE9612B-975D-463F-8819-F4A1B16574AA}.Release|Any CPU.Build.0 = Release|Any CPU
		{DFE9612B-975D-463F-8819-F4A1B16574AA}.Debug|iPhoneSimulator.ActiveCfg = Debug|Any CPU
		{DFE9612B-975D-463F-8819-F4A1B16574AA}.Debug|iPhoneSimulator.Build.0 = Debug|Any CPU
		{DFE9612B-975D-463F-8819-F4A1B16574AA}.Release|iPhoneSimulator.ActiveCfg = Release|Any CPU
		{DFE9612B-975D-463F-8819-F4A1B16574AA}.Release|iPhoneSimulator.Build.0 = Release|Any CPU
		{DFE9612B-975D-463F-8819-F4A1B16574AA}.Debug|iPhone.ActiveCfg = Debug|Any CPU
		{DFE9612B-975D-463F-8819-F4A1B16574AA}.Debug|iPhone.Build.0 = Debug|Any CPU
		{DFE9612B-975D-463F-8819-F4A1B16574AA}.Release|iPhone.ActiveCfg = Release|Any CPU
		{DFE9612B-975D-463F-8819-F4A1B16574AA}.Release|iPhone.Build.0 = Release|Any CPU
		{B5AE5904-0043-4814-B7E6-15C7A18CA136}.Debug|Any CPU.ActiveCfg = Debug|iPhoneSimulator
		{B5AE5904-0043-4814-B7E6-15C7A18CA136}.Debug|Any CPU.Build.0 = Debug|iPhoneSimulator
		{B5AE5904-0043-4814-B7E6-15C7A18CA136}.Release|Any CPU.ActiveCfg = Release|iPhoneSimulator
		{B5AE5904-0043-4814-B7E6-15C7A18CA136}.Release|Any CPU.Build.0 = Release|iPhoneSimulator
		{B5AE5904-0043-4814-B7E6-15C7A18CA136}.Debug|iPhoneSimulator.ActiveCfg = Debug|iPhoneSimulator
		{B5AE5904-0043-4814-B7E6-15C7A18CA136}.Debug|iPhoneSimulator.Build.0 = Debug|iPhoneSimulator
		{B5AE5904-0043-4814-B7E6-15C7A18CA136}.Release|iPhoneSimulator.ActiveCfg = Release|iPhoneSimulator
		{B5AE5904-0043-4814-B7E6-15C7A18CA136}.Release|iPhoneSimulator.Build.0 = Release|iPhoneSimulator
		{B5AE5904-0043-4814-B7E6-15C7A18CA136}.Debug|iPhone.ActiveCfg = Debug|iPhone
		{B5AE5904-0043-4814-B7E6-15C7A18CA136}.Debug|iPhone.Build.0 = Debug|iPhone
		{B5AE5904-0043-4814-B7E6-15C7A18CA136}.Release|iPhone.ActiveCfg = Release|iPhone
		{B5AE5904-0043-4814-B7E6-15C7A18CA136}.Release|iPhone.Build.0 = Release|iPhone
		{AAD5785F-A160-4F1D-9830-FA0BEDD554E3}.Debug|Any CPU.ActiveCfg = Debug|Any CPU
		{AAD5785F-A160-4F1D-9830-FA0BEDD554E3}.Debug|Any CPU.Build.0 = Debug|Any CPU
		{AAD5785F-A160-4F1D-9830-FA0BEDD554E3}.Release|Any CPU.ActiveCfg = Release|Any CPU
		{AAD5785F-A160-4F1D-9830-FA0BEDD554E3}.Release|Any CPU.Build.0 = Release|Any CPU
		{AAD5785F-A160-4F1D-9830-FA0BEDD554E3}.Debug|iPhoneSimulator.ActiveCfg = Debug|Any CPU
		{AAD5785F-A160-4F1D-9830-FA0BEDD554E3}.Debug|iPhoneSimulator.Build.0 = Debug|Any CPU
		{AAD5785F-A160-4F1D-9830-FA0BEDD554E3}.Release|iPhoneSimulator.ActiveCfg = Release|Any CPU
		{AAD5785F-A160-4F1D-9830-FA0BEDD554E3}.Release|iPhoneSimulator.Build.0 = Release|Any CPU
		{AAD5785F-A160-4F1D-9830-FA0BEDD554E3}.Debug|iPhone.ActiveCfg = Debug|Any CPU
		{AAD5785F-A160-4F1D-9830-FA0BEDD554E3}.Debug|iPhone.Build.0 = Debug|Any CPU
		{AAD5785F-A160-4F1D-9830-FA0BEDD554E3}.Release|iPhone.ActiveCfg = Release|Any CPU
		{AAD5785F-A160-4F1D-9830-FA0BEDD554E3}.Release|iPhone.Build.0 = Release|Any CPU
		{09AEDE23-F9E4-49AE-8046-7F870A38C595}.Debug|Any CPU.ActiveCfg = Debug|Any CPU
		{09AEDE23-F9E4-49AE-8046-7F870A38C595}.Debug|Any CPU.Build.0 = Debug|Any CPU
		{09AEDE23-F9E4-49AE-8046-7F870A38C595}.Release|Any CPU.ActiveCfg = Release|Any CPU
		{09AEDE23-F9E4-49AE-8046-7F870A38C595}.Release|Any CPU.Build.0 = Release|Any CPU
		{09AEDE23-F9E4-49AE-8046-7F870A38C595}.Debug|iPhoneSimulator.ActiveCfg = Debug|Any CPU
		{09AEDE23-F9E4-49AE-8046-7F870A38C595}.Debug|iPhoneSimulator.Build.0 = Debug|Any CPU
		{09AEDE23-F9E4-49AE-8046-7F870A38C595}.Release|iPhoneSimulator.ActiveCfg = Release|Any CPU
		{09AEDE23-F9E4-49AE-8046-7F870A38C595}.Release|iPhoneSimulator.Build.0 = Release|Any CPU
		{09AEDE23-F9E4-49AE-8046-7F870A38C595}.Debug|iPhone.ActiveCfg = Debug|Any CPU
		{09AEDE23-F9E4-49AE-8046-7F870A38C595}.Debug|iPhone.Build.0 = Debug|Any CPU
		{09AEDE23-F9E4-49AE-8046-7F870A38C595}.Release|iPhone.ActiveCfg = Release|Any CPU
		{09AEDE23-F9E4-49AE-8046-7F870A38C595}.Release|iPhone.Build.0 = Release|Any CPU
	EndGlobalSection
EndGlobal
